# THIS IS AN AUTOGENERATED FILE. DO NOT EDIT THIS FILE DIRECTLY.
# yarn lockfile v1


styled-reset@^4.4.1:
  version "4.4.1"
  resolved "https://registry.yarnpkg.com/styled-reset/-/styled-reset-4.4.1.tgz#c7b3aa247d4f8c5d14f1dc72fde9d02b8bee1758"
  integrity sha512-7j99JIwzotNQmoS8MQJu8OTBDE48gaMEr6SYvuH8xfL0K/a5vNHSRaccTfAiGBs9D3mjLDPxg5iLh3HqFvefPQ==
